{
  "name": "(ORM) Challenge E-commerce Back End",
  "version": "1.0.0",
  "lockfileVersion": 2,
  "requires": true,
  "author": "LaTavya Collins",
  "description": "This project is use to help with the back end for an internet (online)retail company.",
  "keywords": [],
  "license": "ISC",
  "main": "server.js",
  "packages": {},
  "devDependencies": {
    "nodemon": "^2.0.3"
  },
  "repository": {
    "type": "git",
    "url": "https://github.com/Collins418/-ORM-Challenge-E-commerce-Back-End"
  },
  "scripts": {
    "seed": "node seeds/index.js",
    "start": "node server.js",
    "test": "echo \"Error: no test specified\" && exit 1",
    "watch": "nodemon server.js"
  }
}
